<?xml version="1.0" encoding="UTF-8" standalone="yes" ?>
<CodeBlocks_project_file>
	<FileVersion major="1" minor="6" />
	<Project>
		<Option title="Pinball_Official" />
		<Option pch_mode="2" />
		<Option compiler="gcc" />
		<Build>
			<Target title="Debug">
				<Option output="bin/Debug/Pinball_Official" prefix_auto="1" extension_auto="1" />
				<Option object_output="obj/Debug/" />
				<Option type="1" />
				<Option compiler="gcc" />
				<Compiler>
					<Add option="-g" />
				</Compiler>
			</Target>
			<Target title="Release">
				<Option output="bin/Release/Pinball_Official" prefix_auto="1" extension_auto="1" />
				<Option object_output="obj/Release/" />
				<Option type="1" />
				<Option compiler="gcc" />
				<Compiler>
					<Add option="-O2" />
				</Compiler>
				<Linker>
					<Add option="-s" />
				</Linker>
			</Target>
		</Build>
		<Compiler>
			<Add option="-Wall" />
			<Add option="-fexceptions" />
			<Add directory="SDL/SDL2_image-2.0.3/include" />
			<Add directory="SDL/SDL2_mixer-2.0.2/include" />
			<Add directory="SDL/SDL2_ttf-2.0.14/include" />
			<Add directory="SDL/SDL2-2.0.8/i686-w64-mingw32/include/SDL2" />
		</Compiler>
		<Linker>
			<Add option="-lmingw32 -lSDL2main -lSDL2 -lSDL2_image" />
			<Add option="-lmingw32 -lSDL2main -lSDL2 -lSDL2_mixer" />
			<Add option="-lmingw32 -lSDL2main -lSDL2 -lSDL2_ttf" />
			<Add option="-lmingw32 -lSDL2main -lSDL2" />
			<Add directory="SDL/SDL2_image-2.0.3/lib/x86" />
			<Add directory="SDL/SDL2_mixer-2.0.2/lib/x86" />
			<Add directory="SDL/SDL2_ttf-2.0.14/lib/x86" />
			<Add directory="SDL/SDL2-2.0.8/i686-w64-mingw32/lib" />
		</Linker>
		<Unit filename="Ball.cpp" />
		<Unit filename="Ball.h" />
		<Unit filename="BaseObject.cpp" />
		<Unit filename="BaseObject.h" />
		<Unit filename="Bump.cpp" />
		<Unit filename="Bump.h" />
		<Unit filename="CommonFunction.cpp" />
		<Unit filename="CommonFunction.h" />
		<Unit filename="Flapper.cpp" />
		<Unit filename="Flapper.h" />
		<Unit filename="FlapperCollision.cpp" />
		<Unit filename="FlapperCollision.h" />
		<Unit filename="Launcher.cpp" />
		<Unit filename="Launcher.h" />
		<Unit filename="Menu_game.cpp" />
		<Unit filename="Menu_game.h" />
		<Unit filename="TextObject.cpp" />
		<Unit filename="TextObject.h" />
		<Unit filename="main.cpp" />
		<Extensions>
			<code_completion />
			<envvars />
			<debugger />
		</Extensions>
	</Project>
</CodeBlocks_project_file>
